aiofile==3.9.0
alembic==1.18.4
annotated-doc==0.0.4
annotated-types==0.7.0
anthropic==0.84.0
anyio==4.12.1
attrs==25.4.0
Authlib==1.6.7
bcrypt==5.0.0
beartype==0.22.9
boolean.py==5.0
boto3==1.42.64
botocore==1.42.64
build==1.4.0
CacheControl==0.14.4
cachetools==7.0.0
caio==0.9.25
certifi==2026.1.4
cffi==2.0.0
charset-normalizer==3.4.4
click==8.3.1
cloudpickle==3.1.2
coverage==7.13.3
croniter==6.0.0
cryptography==46.0.5
cssselect==1.4.0
cssutils==2.11.1
cuda-bindings==12.9.4
cuda-pathfinder==1.4.0
cyclonedx-python-lib==11.6.0
cyclopts==4.5.1
defusedxml==0.7.1
distro==1.9.0
dnspython==2.8.0
docstring_parser==0.17.0
docutils==0.22.4
ecdsa==0.19.1
email-validator==2.3.0
exceptiongroup==1.3.1
execnet==2.1.2
fakeredis==2.33.0
fastapi==0.135.1
fastmcp==3.1.0
filelock==3.24.3
fsspec==2026.2.0
greenlet==3.3.2
h11==0.16.0
hf-xet==1.3.1
html2text==2025.4.15
httpcore==1.0.9
httpx==0.28.1
httpx-sse==0.4.3
huggingface_hub==1.5.0
hypothesis==6.151.9
idna==3.11
importlib_metadata==8.7.1
iniconfig==2.3.0
jaraco.classes==3.4.0
jaraco.context==6.1.0
jaraco.functools==4.4.0
jeepney==0.9.0
Jinja2==3.1.6
jiter==0.13.0
jmespath==1.1.0
joblib==1.5.3
jsonref==1.1.0
jsonschema==4.26.0
jsonschema-path==0.3.4
jsonschema-specifications==2025.9.1
keyring==25.7.0
librt==0.7.8
license-expression==30.4.4
lupa==2.6
lxml==6.0.2
Mako==1.3.10
mangum==0.21.0
markdown-it-py==4.0.0
MarkupSafe==3.0.3
mcp==1.26.0
mdurl==0.1.2
more-itertools==10.8.0
mpmath==1.3.0
msgpack==1.1.2
mypy==1.19.1
mypy_extensions==1.1.0
networkx==3.6.1
nodeenv==1.10.0
numpy==2.4.2
nvidia-cublas-cu12==12.8.4.1
nvidia-cuda-cupti-cu12==12.8.90
nvidia-cuda-nvrtc-cu12==12.8.93
nvidia-cuda-runtime-cu12==12.8.90
nvidia-cudnn-cu12==9.10.2.21
nvidia-cufft-cu12==11.3.3.83
nvidia-cufile-cu12==1.13.1.3
nvidia-curand-cu12==10.3.9.90
nvidia-cusolver-cu12==11.7.3.90
nvidia-cusparse-cu12==12.5.8.93
nvidia-cusparselt-cu12==0.7.1
nvidia-nccl-cu12==2.27.5
nvidia-nvjitlink-cu12==12.8.93
nvidia-nvshmem-cu12==3.4.5
nvidia-nvtx-cu12==12.8.90
openapi-pydantic==0.5.1
opentelemetry-api==1.39.1
packageurl-python==0.17.6
packaging==26.0
passlib==1.7.4
pathable==0.4.4
pathspec==1.0.4
pathvalidate==3.3.1
pip-api==0.0.34
pip-requirements-parser==32.0.1
pip_audit==2.10.0
platformdirs==4.5.1
pluggy==1.6.0
premailer==3.10.0
prometheus_client==0.24.1
py-cpuinfo==9.0.0
py-key-value-aio==0.4.4
py-key-value-shared==0.3.0
py-serializable==2.1.0
pyasn1==0.6.2
pycparser==3.0
pydantic==2.12.5
pydantic-settings==2.12.0
pydantic_core==2.41.5
pydocket==0.17.5
Pygments==2.19.2
PyJWT==2.11.0
pyparsing==3.3.2
pyperclip==1.11.0
pyproject_hooks==1.2.0
pyright==1.1.408
pytest==9.0.2
pytest-asyncio==1.3.0
pytest-benchmark==5.2.3
pytest-cov==7.0.0
pytest-timeout==2.4.0
pytest-xdist==3.8.0
python-dateutil==2.9.0.post0
python-dotenv==1.2.1
python-jose==3.5.0
python-json-logger==4.0.0
python-multipart==0.0.22
pytz==2025.2
PyYAML==6.0.3
rank-bm25==0.2.2
redis==7.1.0
referencing==0.36.2
regex==2026.2.19
requests==2.32.5
rich==14.3.2
rich-rst==1.3.2
rpds-py==0.30.0
rsa==4.9.1
ruamel.yaml==0.19.1
ruff==0.15.1
s3transfer==0.16.0
safetensors==0.7.0
scikit-learn==1.8.0
scipy==1.17.1
SecretStorage==3.5.0
sentence-transformers==5.2.3
setuptools==82.0.0
shellingham==1.5.4
six==1.17.0
sniffio==1.3.1
sortedcontainers==2.4.0
SQLAlchemy==2.0.48
sqlite-vec==0.1.6
sse-starlette==3.2.0
starlette==0.52.1
structlog==25.5.0
sympy==1.14.0
threadpoolctl==3.6.0
tokenizers==0.22.2
tomli==2.4.0
tomli_w==1.2.0
torch==2.10.0
tqdm==4.67.3
transformers==5.2.0
triton==3.6.0
-e git+https://github.com/wallter/trw-framework.git@0c7d4263a89d57e5505b1fc0b8531aef9140f060#egg=trw_mcp&subdirectory=trw-mcp
-e git+https://github.com/wallter/trw-framework.git@0c7d4263a89d57e5505b1fc0b8531aef9140f060#egg=trw_memory&subdirectory=trw-memory
typer==0.24.1
typer-slim==0.24.0
types-PyYAML==6.0.12.20250915
typing-inspection==0.4.2
typing_extensions==4.15.0
uncalled-for==0.2.0
urllib3==2.6.3
uvicorn==0.40.0
watchfiles==1.1.1
websockets==16.0
zipp==3.23.0
